Microsoft Visual Studio Solution File, Format Version 12.00
# Visual Studio Version 17
VisualStudioVersion = 17.5.2.0
MinimumVisualStudioVersion = 10.0.40219.1
Project("{FAE04EC0-301F-11D3-BF4B-00C04F79EFBC}") = "Atividade", "Atividade.csproj", "{5BAF102E-F4F2-FC64-5ADA-F64393E1990A}"
EndProject
Global
	GlobalSection(SolutionConfigurationPlatforms) = preSolution
		Debug|Any CPU = Debug|Any CPU
		Release|Any CPU = Release|Any CPU
	EndGlobalSection
	GlobalSection(ProjectConfigurationPlatforms) = postSolution
		{5BAF102E-F4F2-FC64-5ADA-F64393E1990A}.Debug|Any CPU.ActiveCfg = Debug|Any CPU
		{5BAF102E-F4F2-FC64-5ADA-F64393E1990A}.Debug|Any CPU.Build.0 = Debug|Any CPU
		{5BAF102E-F4F2-FC64-5ADA-F64393E1990A}.Release|Any CPU.ActiveCfg = Release|Any CPU
		{5BAF102E-F4F2-FC64-5ADA-F64393E1990A}.Release|Any CPU.Build.0 = Release|Any CPU
	EndGlobalSection
	GlobalSection(SolutionProperties) = preSolution
		HideSolutionNode = FALSE
	EndGlobalSection
	GlobalSection(ExtensibilityGlobals) = postSolution
		SolutionGuid = {F7905886-7BEF-4A37-8C4D-804A895D32E3}
	EndGlobalSection
EndGlobal
